schema: '2.0'
stages:
  train:
    cmd: python train.py --poison-rate 0.5
    deps:
    - path: data/iris.csv
      hash: md5
      md5: 9c22f7cf3714d0c194f5f43a6276ca9d
      size: 3861
    - path: train.py
      hash: md5
      md5: 94a5986a5b48e6060918ddd93961fdbe
      size: 8484
    params:
      params.yaml:
        train.poison_rate: 0.5
    outs:
    - path: dvclive/metrics.json
      hash: md5
      md5: 5d724a16a9a0d4c3628ba5f27adf0d41
      size: 133
    - path: dvclive/plots
      hash: md5
      md5: 82969b164caab5a92d6dd475d16e0d88.dir
      size: 127
      nfiles: 3
  plot_summary:
    cmd: python plot_summary.py
    deps:
    - path: plot_summary.py
      hash: md5
      md5: 417f2f4467b71517f0255af9c731bc44
      size: 2467
    - path: results.csv
      hash: md5
      md5: 13a30e80d30a5a8ecfd18f336a92c314
      size: 1251
    outs:
    - path: summary_plot.png
      hash: md5
      md5: e2c24218678a3ff86b24d30d54b298d5
      size: 72665
